
Microsoft Visual Studio Solution File, Format Version 12.00
# Visual Studio 15
VisualStudioVersion = 15.0.28010.2048
MinimumVisualStudioVersion = 10.0.40219.1
Project("{FAE04EC0-301F-11D3-BF4B-00C04F79EFBC}") = "Aufgabe1_DieKunstDerFuge", "Aufgabe1_DieKunstDerFuge\Aufgabe1_DieKunstDerFuge.csproj", "{7318BE0F-AB18-43EC-81B5-410C865FB66A}"
EndProject
Project("{FAE04EC0-301F-11D3-BF4B-00C04F79EFBC}") = "Aufgabe1_DieKunstDerFuge_Tests", "Aufgabe1_DieKunstDerFuge_Tests\Aufgabe1_DieKunstDerFuge_Tests.csproj", "{D8060C2D-1661-4C2C-8132-4512F70DC575}"
EndProject
Global
	GlobalSection(SolutionConfigurationPlatforms) = preSolution
		Debug|Any CPU = Debug|Any CPU
		Debug|x64 = Debug|x64
		Debug|x86 = Debug|x86
		Release|Any CPU = Release|Any CPU
		Release|x64 = Release|x64
		Release|x86 = Release|x86
	EndGlobalSection
	GlobalSection(ProjectConfigurationPlatforms) = postSolution
		{7318BE0F-AB18-43EC-81B5-410C865FB66A}.Debug|Any CPU.ActiveCfg = Debug|Any CPU
		{7318BE0F-AB18-43EC-81B5-410C865FB66A}.Debug|Any CPU.Build.0 = Debug|Any CPU
		{7318BE0F-AB18-43EC-81B5-410C865FB66A}.Debug|x64.ActiveCfg = Debug|x64
		{7318BE0F-AB18-43EC-81B5-410C865FB66A}.Debug|x64.Build.0 = Debug|x64
		{7318BE0F-AB18-43EC-81B5-410C865FB66A}.Debug|x86.ActiveCfg = Debug|x86
		{7318BE0F-AB18-43EC-81B5-410C865FB66A}.Debug|x86.Build.0 = Debug|x86
		{7318BE0F-AB18-43EC-81B5-410C865FB66A}.Release|Any CPU.ActiveCfg = Release|Any CPU
		{7318BE0F-AB18-43EC-81B5-410C865FB66A}.Release|Any CPU.Build.0 = Release|Any CPU
		{7318BE0F-AB18-43EC-81B5-410C865FB66A}.Release|x64.ActiveCfg = Release|x64
		{7318BE0F-AB18-43EC-81B5-410C865FB66A}.Release|x64.Build.0 = Release|x64
		{7318BE0F-AB18-43EC-81B5-410C865FB66A}.Release|x86.ActiveCfg = Release|x86
		{7318BE0F-AB18-43EC-81B5-410C865FB66A}.Release|x86.Build.0 = Release|x86
		{D8060C2D-1661-4C2C-8132-4512F70DC575}.Debug|Any CPU.ActiveCfg = Debug|Any CPU
		{D8060C2D-1661-4C2C-8132-4512F70DC575}.Debug|Any CPU.Build.0 = Debug|Any CPU
		{D8060C2D-1661-4C2C-8132-4512F70DC575}.Debug|x64.ActiveCfg = Debug|Any CPU
		{D8060C2D-1661-4C2C-8132-4512F70DC575}.Debug|x64.Build.0 = Debug|Any CPU
		{D8060C2D-1661-4C2C-8132-4512F70DC575}.Debug|x86.ActiveCfg = Debug|Any CPU
		{D8060C2D-1661-4C2C-8132-4512F70DC575}.Debug|x86.Build.0 = Debug|Any CPU
		{D8060C2D-1661-4C2C-8132-4512F70DC575}.Release|Any CPU.ActiveCfg = Release|Any CPU
		{D8060C2D-1661-4C2C-8132-4512F70DC575}.Release|Any CPU.Build.0 = Release|Any CPU
		{D8060C2D-1661-4C2C-8132-4512F70DC575}.Release|x64.ActiveCfg = Release|Any CPU
		{D8060C2D-1661-4C2C-8132-4512F70DC575}.Release|x64.Build.0 = Release|Any CPU
		{D8060C2D-1661-4C2C-8132-4512F70DC575}.Release|x86.ActiveCfg = Release|Any CPU
		{D8060C2D-1661-4C2C-8132-4512F70DC575}.Release|x86.Build.0 = Release|Any CPU
	EndGlobalSection
	GlobalSection(SolutionProperties) = preSolution
		HideSolutionNode = FALSE
	EndGlobalSection
	GlobalSection(ExtensibilityGlobals) = postSolution
		SolutionGuid = {B5C6B9A4-204E-40C7-85F2-83652078047D}
	EndGlobalSection
EndGlobal
